Microsoft Visual Studio Solution File, Format Version 12.00
# Visual Studio Version 17
Project("{FAE04EC0-301F-11D3-BF4B-00C04F79EFBC}") = "Reddb", "src\Reddb\Reddb.csproj", "{2C5C0F1C-1111-4F11-9D11-AAAAAAAAAAAA}"
EndProject
Project("{FAE04EC0-301F-11D3-BF4B-00C04F79EFBC}") = "Reddb.Tests", "tests\Reddb.Tests\Reddb.Tests.csproj", "{2C5C0F1C-2222-4F11-9D11-BBBBBBBBBBBB}"
EndProject
Global
	GlobalSection(SolutionConfigurationPlatforms) = preSolution
		Debug|Any CPU = Debug|Any CPU
		Release|Any CPU = Release|Any CPU
	EndGlobalSection
	GlobalSection(ProjectConfigurationPlatforms) = postSolution
		{2C5C0F1C-1111-4F11-9D11-AAAAAAAAAAAA}.Debug|Any CPU.ActiveCfg = Debug|Any CPU
		{2C5C0F1C-1111-4F11-9D11-AAAAAAAAAAAA}.Debug|Any CPU.Build.0 = Debug|Any CPU
		{2C5C0F1C-1111-4F11-9D11-AAAAAAAAAAAA}.Release|Any CPU.ActiveCfg = Release|Any CPU
		{2C5C0F1C-1111-4F11-9D11-AAAAAAAAAAAA}.Release|Any CPU.Build.0 = Release|Any CPU
		{2C5C0F1C-2222-4F11-9D11-BBBBBBBBBBBB}.Debug|Any CPU.ActiveCfg = Debug|Any CPU
		{2C5C0F1C-2222-4F11-9D11-BBBBBBBBBBBB}.Debug|Any CPU.Build.0 = Debug|Any CPU
		{2C5C0F1C-2222-4F11-9D11-BBBBBBBBBBBB}.Release|Any CPU.ActiveCfg = Release|Any CPU
		{2C5C0F1C-2222-4F11-9D11-BBBBBBBBBBBB}.Release|Any CPU.Build.0 = Release|Any CPU
	EndGlobalSection
EndGlobal
